// !$*UTF8*$!
{
	archiveVersion = 1;
	classes = {
	};
	objectVersion = 50;
	objects = {

/* Begin PBXBuildFile section */
		EFF0B71922FE13F9002B0676 /* AppDelegate.swift in Sources */ = {isa = PBXBuildFile; fileRef = EFF0B71822FE13F9002B0676 /* AppDelegate.swift */; };
		EFF0B71E22FE13F9002B0676 /* Main.storyboard in Resources */ = {isa = PBXBuildFile; fileRef = EFF0B71C22FE13F9002B0676 /* Main.storyboard */; };
		EFF0B72022FE13FA002B0676 /* Assets.xcassets in Resources */ = {isa = PBXBuildFile; fileRef = EFF0B71F22FE13FA002B0676 /* Assets.xcassets */; };
		EFF0B72322FE13FA002B0676 /* LaunchScreen.storyboard in Resources */ = {isa = PBXBuildFile; fileRef = EFF0B72122FE13FA002B0676 /* LaunchScreen.storyboard */; };
/* End PBXBuildFile section */

/* Begin PBXFileReference section */
		EFF0B71522FE13F9002B0676 /* SprintChallenge2Practice.app */ = {isa = PBXFileReference; explicitFileType = wrapper.application; includeInIndex = 0; path = SprintChallenge2Practice.app; sourceTree = BUILT_PRODUCTS_DIR; };
		EFF0B71822FE13F9002B0676 /* AppDelegate.swift */ = {isa = PBXFileReference; lastKnownFileType = sourcecode.swift; path = AppDelegate.swift; sourceTree = "<group>"; };
		EFF0B71D22FE13F9002B0676 /* Base */ = {isa = PBXFileReference; lastKnownFileType = file.storyboard; name = Base; path = Base.lproj/Main.storyboard; sourceTree = "<group>"; };
		EFF0B71F22FE13FA002B0676 /* Assets.xcassets */ = {isa = PBXFileReference; lastKnownFileType = folder.assetcatalog; path = Assets.xcassets; sourceTree = "<group>"; };
		EFF0B72222FE13FA002B0676 /* Base */ = {isa = PBXFileReference; lastKnownFileType = file.storyboard; name = Base; path = Base.lproj/LaunchScreen.storyboard; sourceTree = "<group>"; };
		EFF0B72422FE13FA002B0676 /* Info.plist */ = {isa = PBXFileReference; lastKnownFileType = text.plist.xml; path = Info.plist; sourceTree = "<group>"; };
/* End PBXFileReference section */

/* Begin PBXFrameworksBuildPhase section */
		EFF0B71222FE13F9002B0676 /* Frameworks */ = {
			isa = PBXFrameworksBuildPhase;
			buildActionMask = 2147483647;
			files = (
			);
			runOnlyForDeploymentPostprocessing = 0;
		};
/* End PBXFrameworksBuildPhase section */

/* Begin PBXGroup section */
		EFF0B70C22FE13F9002B0676 = {
			isa = PBXGroup;
			children = (
				EFF0B71722FE13F9002B0676 /* SprintChallenge2Practice */,
				EFF0B72D22FE1444002B0676 /* Resources */,
				EFF0B71622FE13F9002B0676 /* Products */,
			);
			sourceTree = "<group>";
		};
		EFF0B71622FE13F9002B0676 /* Products */ = {
			isa = PBXGroup;
			children = (
				EFF0B71522FE13F9002B0676 /* SprintChallenge2Practice.app */,
			);
			name = Products;
			sourceTree = "<group>";
		};
		EFF0B71722FE13F9002B0676 /* SprintChallenge2Practice */ = {
			isa = PBXGroup;
			children = (
				EFF0B72C22FE1437002B0676 /* Model */,
				EFF0B72B22FE142F002B0676 /* Model Controller */,
				EFF0B72A22FE141E002B0676 /* View Controller */,
				EFF0B72E22FE1478002B0676 /* Storyboard */,
			);
			path = SprintChallenge2Practice;
			sourceTree = "<group>";
		};
		EFF0B72A22FE141E002B0676 /* View Controller */ = {
			isa = PBXGroup;
			children = (
			);
			path = "View Controller";
			sourceTree = "<group>";
		};
		EFF0B72B22FE142F002B0676 /* Model Controller */ = {
			isa = PBXGroup;
			children = (
			);
			path = "Model Controller";
			sourceTree = "<group>";
		};
		EFF0B72C22FE1437002B0676 /* Model */ = {
			isa = PBXGroup;
			children = (
			);
			path = Model;
			sourceTree = "<group>";
		};
		EFF0B72D22FE1444002B0676 /* Resources */ = {
			isa = PBXGroup;
			children = (
				EFF0B71822FE13F9002B0676 /* AppDelegate.swift */,
				EFF0B71F22FE13FA002B0676 /* Assets.xcassets */,
				EFF0B72422FE13FA002B0676 /* Info.plist */,
			);
			path = Resources;
			sourceTree = "<group>";
		};
		EFF0B72E22FE1478002B0676 /* Storyboard */ = {
			isa = PBXGroup;
			children = (
				EFF0B71C22FE13F9002B0676 /* Main.storyboard */,
				EFF0B72122FE13FA002B0676 /* LaunchScreen.storyboard */,
			);
			path = Storyboard;
			sourceTree = "<group>";
		};
/* End PBXGroup section */

/* Begin PBXNativeTarget section */
		EFF0B71422FE13F9002B0676 /* SprintChallenge2Practice */ = {
			isa = PBXNativeTarget;
			buildConfigurationList = EFF0B72722FE13FA002B0676 /* Build configuration list for PBXNativeTarget "SprintChallenge2Practice" */;
			buildPhases = (
				EFF0B71122FE13F9002B0676 /* Sources */,
				EFF0B71222FE13F9002B0676 /* Frameworks */,
				EFF0B71322FE13F9002B0676 /* Resources */,
			);
			buildRules = (
			);
			dependencies = (
			);
			name = SprintChallenge2Practice;
			productName = SprintChallenge2Practice;
			productReference = EFF0B71522FE13F9002B0676 /* SprintChallenge2Practice.app */;
			productType = "com.apple.product-type.application";
		};
/* End PBXNativeTarget section */

/* Begin PBXProject section */
		EFF0B70D22FE13F9002B0676 /* Project object */ = {
			isa = PBXProject;
			attributes = {
				LastSwiftUpdateCheck = 1030;
				LastUpgradeCheck = 1030;
				ORGANIZATIONNAME = "Hayden Hastings";
				TargetAttributes = {
					EFF0B71422FE13F9002B0676 = {
						CreatedOnToolsVersion = 10.3;
					};
				};
			};
			buildConfigurationList = EFF0B71022FE13F9002B0676 /* Build configuration list for PBXProject "SprintChallenge2Practice" */;
			compatibilityVersion = "Xcode 9.3";
			developmentRegion = en;
			hasScannedForEncodings = 0;
			knownRegions = (
				en,
				Base,
			);
			mainGroup = EFF0B70C22FE13F9002B0676;
			productRefGroup = EFF0B71622FE13F9002B0676 /* Products */;
			projectDirPath = "";
			projectRoot = "";
			targets = (
				EFF0B71422FE13F9002B0676 /* SprintChallenge2Practice */,
			);
		};
/* End PBXProject section */

/* Begin PBXResourcesBuildPhase section */
		EFF0B71322FE13F9002B0676 /* Resources */ = {
			isa = PBXResourcesBuildPhase;
			buildActionMask = 2147483647;
			files = (
				EFF0B72322FE13FA002B0676 /* LaunchScreen.storyboard in Resources */,
				EFF0B72022FE13FA002B0676 /* Assets.xcassets in Resources */,
				EFF0B71E22FE13F9002B0676 /* Main.storyboard in Resources */,
			);
			runOnlyForDeploymentPostprocessing = 0;
		};
/* End PBXResourcesBuildPhase section */

/* Begin PBXSourcesBuildPhase section */
		EFF0B71122FE13F9002B0676 /* Sources */ = {
			isa = PBXSourcesBuildPhase;
			buildActionMask = 2147483647;
			files = (
				EFF0B71922FE13F9002B0676 /* AppDelegate.swift in Sources */,
			);
			runOnlyForDeploymentPostprocessing = 0;
		};
/* End PBXSourcesBuildPhase section */

/* Begin PBXVariantGroup section */
		EFF0B71C22FE13F9002B0676 /* Main.storyboard */ = {
			isa = PBXVariantGroup;
			children = (
				EFF0B71D22FE13F9002B0676 /* Base */,
			);
			name = Main.storyboard;
			sourceTree = "<group>";
		};
		EFF0B72122FE13FA002B0676 /* LaunchScreen.storyboard */ = {
			isa = PBXVariantGroup;
			children = (
				EFF0B72222FE13FA002B0676 /* Base */,
			);
			name = LaunchScreen.storyboard;
			sourceTree = "<group>";
		};
/* End PBXVariantGroup section */

/* Begin XCBuildConfiguration section */
		EFF0B72522FE13FA002B0676 /* Debug */ = {
			isa = XCBuildConfiguration;
			buildSettings = {
				ALWAYS_SEARCH_USER_PATHS = NO;
				CLANG_ANALYZER_NONNULL = YES;
				CLANG_ANALYZER_NUMBER_OBJECT_CONVERSION = YES_AGGRESSIVE;
				CLANG_CXX_LANGUAGE_STANDARD = "gnu++14";
				CLANG_CXX_LIBRARY = "libc++";
				CLANG_ENABLE_MODULES = YES;
				CLANG_ENABLE_OBJC_ARC = YES;
				CLANG_ENABLE_OBJC_WEAK = YES;
				CLANG_WARN_BLOCK_CAPTURE_AUTORELEASING = YES;
				CLANG_WARN_BOOL_CONVERSION = YES;
				CLANG_WARN_COMMA = YES;
				CLANG_WARN_CONSTANT_CONVERSION = YES;
				CLANG_WARN_DEPRECATED_OBJC_IMPLEMENTATIONS = YES;
				CLANG_WARN_DIRECT_OBJC_ISA_USAGE = YES_ERROR;
				CLANG_WARN_DOCUMENTATION_COMMENTS = YES;
				CLANG_WARN_EMPTY_BODY = YES;
				CLANG_WARN_ENUM_CONVERSION = YES;
				CLANG_WARN_INFINITE_RECURSION = YES;
				CLANG_WARN_INT_CONVERSION = YES;
				CLANG_WARN_NON_LITERAL_NULL_CONVERSION = YES;
				CLANG_WARN_OBJC_IMPLICIT_RETAIN_SELF = YES;
				CLANG_WARN_OBJC_LITERAL_CONVERSION = YES;
				CLANG_WARN_OBJC_ROOT_CLASS = YES_ERROR;
				CLANG_WARN_RANGE_LOOP_ANALYSIS = YES;
				CLANG_WARN_STRICT_PROTOTYPES = YES;
				CLANG_WARN_SUSPICIOUS_MOVE = YES;
				CLANG_WARN_UNGUARDED_AVAILABILITY = YES_AGGRESSIVE;
				CLANG_WARN_UNREACHABLE_CODE = YES;
				CLANG_WARN__DUPLICATE_METHOD_MATCH = YES;
				CODE_SIGN_IDENTITY = "iPhone Developer";
				COPY_PHASE_STRIP = NO;
				DEBUG_INFORMATION_FORMAT = dwarf;
				ENABLE_STRICT_OBJC_MSGSEND = YES;
				ENABLE_TESTABILITY = YES;
				GCC_C_LANGUAGE_STANDARD = gnu11;
				GCC_DYNAMIC_NO_PIC = NO;
				GCC_NO_COMMON_BLOCKS = YES;
				GCC_OPTIMIZATION_LEVEL = 0;
				GCC_PREPROCESSOR_DEFINITIONS = (
					"DEBUG=1",
					"$(inherited)",
				);
				GCC_WARN_64_TO_32_BIT_CONVERSION = YES;
				GCC_WARN_ABOUT_RETURN_TYPE = YES_ERROR;
				GCC_WARN_UNDECLARED_SELECTOR = YES;
				GCC_WARN_UNINITIALIZED_AUTOS = YES_AGGRESSIVE;
				GCC_WARN_UNUSED_FUNCTION = YES;
				GCC_WARN_UNUSED_VARIABLE = YES;
				IPHONEOS_DEPLOYMENT_TARGET = 12.4;
				MTL_ENABLE_DEBUG_INFO = INCLUDE_SOURCE;
				MTL_FAST_MATH = YES;
				ONLY_ACTIVE_ARCH = YES;
				SDKROOT = iphoneos;
				SWIFT_ACTIVE_COMPILATION_CONDITIONS = DEBUG;
				SWIFT_OPTIMIZATION_LEVEL = "-Onone";
			};
			name = Debug;
		};
		EFF0B72622FE13FA002B0676 /* Release */ = {
			isa = XCBuildConfiguration;
			buildSettings = {
				ALWAYS_SEARCH_USER_PATHS = NO;
				CLANG_ANALYZER_NONNULL = YES;
				CLANG_ANALYZER_NUMBER_OBJECT_CONVERSION = YES_AGGRESSIVE;
				CLANG_CXX_LANGUAGE_STANDARD = "gnu++14";
				CLANG_CXX_LIBRARY = "libc++";
				CLANG_ENABLE_MODULES = YES;
				CLANG_ENABLE_OBJC_ARC = YES;
				CLANG_ENABLE_OBJC_WEAK = YES;
				CLANG_WARN_BLOCK_CAPTURE_AUTORELEASING = YES;
				CLANG_WARN_BOOL_CONVERSION = YES;
				CLANG_WARN_COMMA = YES;
				CLANG_WARN_CONSTANT_CONVERSION = YES;
				CLANG_WARN_DEPRECATED_OBJC_IMPLEMENTATIONS = YES;
				CLANG_WARN_DIRECT_OBJC_ISA_USAGE = YES_ERROR;
				CLANG_WARN_DOCUMENTATION_COMMENTS = YES;
				CLANG_WARN_EMPTY_BODY = YES;
				CLANG_WARN_ENUM_CONVERSION = YES;
				CLANG_WARN_INFINITE_RECURSION = YES;
				CLANG_WARN_INT_CONVERSION = YES;
				CLANG_WARN_NON_LITERAL_NULL_CONVERSION = YES;
				CLANG_WARN_OBJC_IMPLICIT_RETAIN_SELF = YES;
				CLANG_WARN_OBJC_LITERAL_CONVERSION = YES;
				CLANG_WARN_OBJC_ROOT_CLASS = YES_ERROR;
				CLANG_WARN_RANGE_LOOP_ANALYSIS = YES;
				CLANG_WARN_STRICT_PROTOTYPES = YES;
				CLANG_WARN_SUSPICIOUS_MOVE = YES;
				CLANG_WARN_UNGUARDED_AVAILABILITY = YES_AGGRESSIVE;
				CLANG_WARN_UNREACHABLE_CODE = YES;
				CLANG_WARN__DUPLICATE_METHOD_MATCH = YES;
				CODE_SIGN_IDENTITY = "iPhone Developer";
				COPY_PHASE_STRIP = NO;
				DEBUG_INFORMATION_FORMAT = "dwarf-with-dsym";
				ENABLE_NS_ASSERTIONS = NO;
				ENABLE_STRICT_OBJC_MSGSEND = YES;
				GCC_C_LANGUAGE_STANDARD = gnu11;
				GCC_NO_COMMON_BLOCKS = YES;
				GCC_WARN_64_TO_32_BIT_CONVERSION = YES;
				GCC_WARN_ABOUT_RETURN_TYPE = YES_ERROR;
				GCC_WARN_UNDECLARED_SELECTOR = YES;
				GCC_WARN_UNINITIALIZED_AUTOS = YES_AGGRESSIVE;
				GCC_WARN_UNUSED_FUNCTION = YES;
				GCC_WARN_UNUSED_VARIABLE = YES;
				IPHONEOS_DEPLOYMENT_TARGET = 12.4;
				MTL_ENABLE_DEBUG_INFO = NO;
				MTL_FAST_MATH = YES;
				SDKROOT = iphoneos;
				SWIFT_COMPILATION_MODE = wholemodule;
				SWIFT_OPTIMIZATION_LEVEL = "-O";
				VALIDATE_PRODUCT = YES;
			};
			name = Release;
		};
		EFF0B72822FE13FA002B0676 /* Debug */ = {
			isa = XCBuildConfiguration;
			buildSettings = {
				ASSETCATALOG_COMPILER_APPICON_NAME = AppIcon;
				CODE_SIGN_STYLE = Automatic;
				DEVELOPMENT_TEAM = 7V775U4648;
				INFOPLIST_FILE = "$(SRCROOT)/Resources/Info.plist";
				LD_RUNPATH_SEARCH_PATHS = (
					"$(inherited)",
					"@executable_path/Frameworks",
				);
				PRODUCT_BUNDLE_IDENTIFIER = com.haydenhastings.SprintChallenge2Practice;
				PRODUCT_NAME = "$(TARGET_NAME)";
				SWIFT_VERSION = 5.0;
				TARGETED_DEVICE_FAMILY = "1,2";
			};
			name = Debug;
		};
		EFF0B72922FE13FA002B0676 /* Release */ = {
			isa = XCBuildConfiguration;
			buildSettings = {
				ASSETCATALOG_COMPILER_APPICON_NAME = AppIcon;
				CODE_SIGN_STYLE = Automatic;
				DEVELOPMENT_TEAM = 7V775U4648;
				INFOPLIST_FILE = "$(SRCROOT)/Resources/Info.plist";
				LD_RUNPATH_SEARCH_PATHS = (
					"$(inherited)",
					"@executable_path/Frameworks",
				);
				PRODUCT_BUNDLE_IDENTIFIER = com.haydenhastings.SprintChallenge2Practice;
				PRODUCT_NAME = "$(TARGET_NAME)";
				SWIFT_VERSION = 5.0;
				TARGETED_DEVICE_FAMILY = "1,2";
			};
			name = Release;
		};
/* End XCBuildConfiguration section */

/* Begin XCConfigurationList section */
		EFF0B71022FE13F9002B0676 /* Build configuration list for PBXProject "SprintChallenge2Practice" */ = {
			isa = XCConfigurationList;
			buildConfigurations = (
				EFF0B72522FE13FA002B0676 /* Debug */,
				EFF0B72622FE13FA002B0676 /* Release */,
			);
			defaultConfigurationIsVisible = 0;
			defaultConfigurationName = Release;
		};
		EFF0B72722FE13FA002B0676 /* Build configuration list for PBXNativeTarget "SprintChallenge2Practice" */ = {
			isa = XCConfigurationList;
			buildConfigurations = (
				EFF0B72822FE13FA002B0676 /* Debug */,
				EFF0B72922FE13FA002B0676 /* Release */,
			);
			defaultConfigurationIsVisible = 0;
			defaultConfigurationName = Release;
		};
/* End XCConfigurationList section */
	};
	rootObject = EFF0B70D22FE13F9002B0676 /* Project object */;
}
